
Microsoft Visual Studio Solution File, Format Version 12.00
# Visual Studio Version 17
VisualStudioVersion = 17.5.002.0
MinimumVisualStudioVersion = 10.0.40219.1
Project("{9A19103F-16F7-4668-BE54-9A1E7A4F7556}") = "IntroConsole", "IntroConsole.csproj", "{229B5280-F05C-434D-B1C4-A7C9DCC7A231}"
EndProject
Global
	GlobalSection(SolutionConfigurationPlatforms) = preSolution
		Debug|Any CPU = Debug|Any CPU
		Release|Any CPU = Release|Any CPU
	EndGlobalSection
	GlobalSection(ProjectConfigurationPlatforms) = postSolution
		{229B5280-F05C-434D-B1C4-A7C9DCC7A231}.Debug|Any CPU.ActiveCfg = Debug|Any CPU
		{229B5280-F05C-434D-B1C4-A7C9DCC7A231}.Debug|Any CPU.Build.0 = Debug|Any CPU
		{229B5280-F05C-434D-B1C4-A7C9DCC7A231}.Release|Any CPU.ActiveCfg = Release|Any CPU
		{229B5280-F05C-434D-B1C4-A7C9DCC7A231}.Release|Any CPU.Build.0 = Release|Any CPU
	EndGlobalSection
	GlobalSection(SolutionProperties) = preSolution
		HideSolutionNode = FALSE
	EndGlobalSection
	GlobalSection(ExtensibilityGlobals) = postSolution
		SolutionGuid = {AA06C416-73BD-4464-B035-FA4833C8A535}
	EndGlobalSection
EndGlobal
